
Microsoft Visual Studio Solution File, Format Version 12.00
# Visual Studio Version 16
VisualStudioVersion = 16.0.31729.503
MinimumVisualStudioVersion = 10.0.40219.1
Project("{FAE04EC0-301F-11D3-BF4B-00C04F79EFBC}") = "RAM_Revit_Cnx2", "RAM_Revit_Cnx2.csproj", "{EB30AEEB-B584-482C-9ECA-627137E0F14B}"
EndProject
Global
	GlobalSection(SolutionConfigurationPlatforms) = preSolution
		Debug|Any CPU = Debug|Any CPU
		Release|Any CPU = Release|Any CPU
	EndGlobalSection
	GlobalSection(ProjectConfigurationPlatforms) = postSolution
		{EB30AEEB-B584-482C-9ECA-627137E0F14B}.Debug|Any CPU.ActiveCfg = Debug|Any CPU
		{EB30AEEB-B584-482C-9ECA-627137E0F14B}.Debug|Any CPU.Build.0 = Debug|Any CPU
		{EB30AEEB-B584-482C-9ECA-627137E0F14B}.Release|Any CPU.ActiveCfg = Release|Any CPU
		{EB30AEEB-B584-482C-9ECA-627137E0F14B}.Release|Any CPU.Build.0 = Release|Any CPU
	EndGlobalSection
	GlobalSection(SolutionProperties) = preSolution
		HideSolutionNode = FALSE
	EndGlobalSection
	GlobalSection(ExtensibilityGlobals) = postSolution
		SolutionGuid = {45266A8D-148E-4E24-BC95-F094B296B5D1}
	EndGlobalSection
EndGlobal
